// !$*UTF8*$!
{
	archiveVersion = 1;
	classes = {
	};
	objectVersion = 56;
	objects = {

/* Begin PBXBuildFile section */
		E369413A2A4EA7C9002C9FBE /* ListProject_6_30_App.swift in Sources */ = {isa = PBXBuildFile; fileRef = E36941392A4EA7C9002C9FBE /* ListProject_6_30_App.swift */; };
		E369413C2A4EA7C9002C9FBE /* ContentView.swift in Sources */ = {isa = PBXBuildFile; fileRef = E369413B2A4EA7C9002C9FBE /* ContentView.swift */; };
		E369413E2A4EA7CB002C9FBE /* Assets.xcassets in Resources */ = {isa = PBXBuildFile; fileRef = E369413D2A4EA7CB002C9FBE /* Assets.xcassets */; };
		E36941412A4EA7CB002C9FBE /* Preview Assets.xcassets in Resources */ = {isa = PBXBuildFile; fileRef = E36941402A4EA7CB002C9FBE /* Preview Assets.xcassets */; };
		E36941482A4EAD11002C9FBE /* GameData.swift in Sources */ = {isa = PBXBuildFile; fileRef = E36941472A4EAD11002C9FBE /* GameData.swift */; };
		E369414A2A4EAD42002C9FBE /* CombinationView.swift in Sources */ = {isa = PBXBuildFile; fileRef = E36941492A4EAD42002C9FBE /* CombinationView.swift */; };
		E369414C2A4EAD53002C9FBE /* DetailView.swift in Sources */ = {isa = PBXBuildFile; fileRef = E369414B2A4EAD53002C9FBE /* DetailView.swift */; };
/* End PBXBuildFile section */

/* Begin PBXFileReference section */
		E36941362A4EA7C9002C9FBE /* ListProject(6.30).app */ = {isa = PBXFileReference; explicitFileType = wrapper.application; includeInIndex = 0; path = "ListProject(6.30).app"; sourceTree = BUILT_PRODUCTS_DIR; };
		E36941392A4EA7C9002C9FBE /* ListProject_6_30_App.swift */ = {isa = PBXFileReference; lastKnownFileType = sourcecode.swift; path = ListProject_6_30_App.swift; sourceTree = "<group>"; };
		E369413B2A4EA7C9002C9FBE /* ContentView.swift */ = {isa = PBXFileReference; lastKnownFileType = sourcecode.swift; path = ContentView.swift; sourceTree = "<group>"; };
		E369413D2A4EA7CB002C9FBE /* Assets.xcassets */ = {isa = PBXFileReference; lastKnownFileType = folder.assetcatalog; path = Assets.xcassets; sourceTree = "<group>"; };
		E36941402A4EA7CB002C9FBE /* Preview Assets.xcassets */ = {isa = PBXFileReference; lastKnownFileType = folder.assetcatalog; path = "Preview Assets.xcassets"; sourceTree = "<group>"; };
		E36941472A4EAD11002C9FBE /* GameData.swift */ = {isa = PBXFileReference; lastKnownFileType = sourcecode.swift; path = GameData.swift; sourceTree = "<group>"; };
		E36941492A4EAD42002C9FBE /* CombinationView.swift */ = {isa = PBXFileReference; lastKnownFileType = sourcecode.swift; path = CombinationView.swift; sourceTree = "<group>"; };
		E369414B2A4EAD53002C9FBE /* DetailView.swift */ = {isa = PBXFileReference; lastKnownFileType = sourcecode.swift; path = DetailView.swift; sourceTree = "<group>"; };
/* End PBXFileReference section */

/* Begin PBXFrameworksBuildPhase section */
		E36941332A4EA7C9002C9FBE /* Frameworks */ = {
			isa = PBXFrameworksBuildPhase;
			buildActionMask = 2147483647;
			files = (
			);
			runOnlyForDeploymentPostprocessing = 0;
		};
/* End PBXFrameworksBuildPhase section */

/* Begin PBXGroup section */
		E369412D2A4EA7C8002C9FBE = {
			isa = PBXGroup;
			children = (
				E36941382A4EA7C9002C9FBE /* ListProject(6.30) */,
				E36941372A4EA7C9002C9FBE /* Products */,
			);
			sourceTree = "<group>";
		};
		E36941372A4EA7C9002C9FBE /* Products */ = {
			isa = PBXGroup;
			children = (
				E36941362A4EA7C9002C9FBE /* ListProject(6.30).app */,
			);
			name = Products;
			sourceTree = "<group>";
		};
		E36941382A4EA7C9002C9FBE /* ListProject(6.30) */ = {
			isa = PBXGroup;
			children = (
				E36941392A4EA7C9002C9FBE /* ListProject_6_30_App.swift */,
				E369413B2A4EA7C9002C9FBE /* ContentView.swift */,
				E369414B2A4EAD53002C9FBE /* DetailView.swift */,
				E36941492A4EAD42002C9FBE /* CombinationView.swift */,
				E36941472A4EAD11002C9FBE /* GameData.swift */,
				E369413D2A4EA7CB002C9FBE /* Assets.xcassets */,
				E369413F2A4EA7CB002C9FBE /* Preview Content */,
			);
			path = "ListProject(6.30)";
			sourceTree = "<group>";
		};
		E369413F2A4EA7CB002C9FBE /* Preview Content */ = {
			isa = PBXGroup;
			children = (
				E36941402A4EA7CB002C9FBE /* Preview Assets.xcassets */,
			);
			path = "Preview Content";
			sourceTree = "<group>";
		};
/* End PBXGroup section */

/* Begin PBXNativeTarget section */
		E36941352A4EA7C9002C9FBE /* ListProject(6.30) */ = {
			isa = PBXNativeTarget;
			buildConfigurationList = E36941442A4EA7CB002C9FBE /* Build configuration list for PBXNativeTarget "ListProject(6.30)" */;
			buildPhases = (
				E36941322A4EA7C9002C9FBE /* Sources */,
				E36941332A4EA7C9002C9FBE /* Frameworks */,
				E36941342A4EA7C9002C9FBE /* Resources */,
			);
			buildRules = (
			);
			dependencies = (
			);
			name = "ListProject(6.30)";
			productName = "ListProject(6.30)";
			productReference = E36941362A4EA7C9002C9FBE /* ListProject(6.30).app */;
			productType = "com.apple.product-type.application";
		};
/* End PBXNativeTarget section */

/* Begin PBXProject section */
		E369412E2A4EA7C8002C9FBE /* Project object */ = {
			isa = PBXProject;
			attributes = {
				BuildIndependentTargetsInParallel = 1;
				LastSwiftUpdateCheck = 1430;
				LastUpgradeCheck = 1430;
				TargetAttributes = {
					E36941352A4EA7C9002C9FBE = {
						CreatedOnToolsVersion = 14.3.1;
					};
				};
			};
			buildConfigurationList = E36941312A4EA7C8002C9FBE /* Build configuration list for PBXProject "ListProject(6.30)" */;
			compatibilityVersion = "Xcode 14.0";
			developmentRegion = en;
			hasScannedForEncodings = 0;
			knownRegions = (
				en,
				Base,
			);
			mainGroup = E369412D2A4EA7C8002C9FBE;
			productRefGroup = E36941372A4EA7C9002C9FBE /* Products */;
			projectDirPath = "";
			projectRoot = "";
			targets = (
				E36941352A4EA7C9002C9FBE /* ListProject(6.30) */,
			);
		};
/* End PBXProject section */

/* Begin PBXResourcesBuildPhase section */
		E36941342A4EA7C9002C9FBE /* Resources */ = {
			isa = PBXResourcesBuildPhase;
			buildActionMask = 2147483647;
			files = (
				E36941412A4EA7CB002C9FBE /* Preview Assets.xcassets in Resources */,
				E369413E2A4EA7CB002C9FBE /* Assets.xcassets in Resources */,
			);
			runOnlyForDeploymentPostprocessing = 0;
		};
/* End PBXResourcesBuildPhase section */

/* Begin PBXSourcesBuildPhase section */
		E36941322A4EA7C9002C9FBE /* Sources */ = {
			isa = PBXSourcesBuildPhase;
			buildActionMask = 2147483647;
			files = (
				E369413C2A4EA7C9002C9FBE /* ContentView.swift in Sources */,
				E36941482A4EAD11002C9FBE /* GameData.swift in Sources */,
				E369414A2A4EAD42002C9FBE /* CombinationView.swift in Sources */,
				E369414C2A4EAD53002C9FBE /* DetailView.swift in Sources */,
				E369413A2A4EA7C9002C9FBE /* ListProject_6_30_App.swift in Sources */,
			);
			runOnlyForDeploymentPostprocessing = 0;
		};
/* End PBXSourcesBuildPhase section */

/* Begin XCBuildConfiguration section */
		E36941422A4EA7CB002C9FBE /* Debug */ = {
			isa = XCBuildConfiguration;
			buildSettings = {
				ALWAYS_SEARCH_USER_PATHS = NO;
				CLANG_ANALYZER_NONNULL = YES;
				CLANG_ANALYZER_NUMBER_OBJECT_CONVERSION = YES_AGGRESSIVE;
				CLANG_CXX_LANGUAGE_STANDARD = "gnu++20";
				CLANG_ENABLE_MODULES = YES;
				CLANG_ENABLE_OBJC_ARC = YES;
				CLANG_ENABLE_OBJC_WEAK = YES;
				CLANG_WARN_BLOCK_CAPTURE_AUTORELEASING = YES;
				CLANG_WARN_BOOL_CONVERSION = YES;
				CLANG_WARN_COMMA = YES;
				CLANG_WARN_CONSTANT_CONVERSION = YES;
				CLANG_WARN_DEPRECATED_OBJC_IMPLEMENTATIONS = YES;
				CLANG_WARN_DIRECT_OBJC_ISA_USAGE = YES_ERROR;
				CLANG_WARN_DOCUMENTATION_COMMENTS = YES;
				CLANG_WARN_EMPTY_BODY = YES;
				CLANG_WARN_ENUM_CONVERSION = YES;
				CLANG_WARN_INFINITE_RECURSION = YES;
				CLANG_WARN_INT_CONVERSION = YES;
				CLANG_WARN_NON_LITERAL_NULL_CONVERSION = YES;
				CLANG_WARN_OBJC_IMPLICIT_RETAIN_SELF = YES;
				CLANG_WARN_OBJC_LITERAL_CONVERSION = YES;
				CLANG_WARN_OBJC_ROOT_CLASS = YES_ERROR;
				CLANG_WARN_QUOTED_INCLUDE_IN_FRAMEWORK_HEADER = YES;
				CLANG_WARN_RANGE_LOOP_ANALYSIS = YES;
				CLANG_WARN_STRICT_PROTOTYPES = YES;
				CLANG_WARN_SUSPICIOUS_MOVE = YES;
				CLANG_WARN_UNGUARDED_AVAILABILITY = YES_AGGRESSIVE;
				CLANG_WARN_UNREACHABLE_CODE = YES;
				CLANG_WARN__DUPLICATE_METHOD_MATCH = YES;
				COPY_PHASE_STRIP = NO;
				DEBUG_INFORMATION_FORMAT = dwarf;
				ENABLE_STRICT_OBJC_MSGSEND = YES;
				ENABLE_TESTABILITY = YES;
				GCC_C_LANGUAGE_STANDARD = gnu11;
				GCC_DYNAMIC_NO_PIC = NO;
				GCC_NO_COMMON_BLOCKS = YES;
				GCC_OPTIMIZATION_LEVEL = 0;
				GCC_PREPROCESSOR_DEFINITIONS = (
					"DEBUG=1",
					"$(inherited)",
				);
				GCC_WARN_64_TO_32_BIT_CONVERSION = YES;
				GCC_WARN_ABOUT_RETURN_TYPE = YES_ERROR;
				GCC_WARN_UNDECLARED_SELECTOR = YES;
				GCC_WARN_UNINITIALIZED_AUTOS = YES_AGGRESSIVE;
				GCC_WARN_UNUSED_FUNCTION = YES;
				GCC_WARN_UNUSED_VARIABLE = YES;
				IPHONEOS_DEPLOYMENT_TARGET = 16.4;
				MTL_ENABLE_DEBUG_INFO = INCLUDE_SOURCE;
				MTL_FAST_MATH = YES;
				ONLY_ACTIVE_ARCH = YES;
				SDKROOT = iphoneos;
				SWIFT_ACTIVE_COMPILATION_CONDITIONS = DEBUG;
				SWIFT_OPTIMIZATION_LEVEL = "-Onone";
			};
			name = Debug;
		};
		E36941432A4EA7CB002C9FBE /* Release */ = {
			isa = XCBuildConfiguration;
			buildSettings = {
				ALWAYS_SEARCH_USER_PATHS = NO;
				CLANG_ANALYZER_NONNULL = YES;
				CLANG_ANALYZER_NUMBER_OBJECT_CONVERSION = YES_AGGRESSIVE;
				CLANG_CXX_LANGUAGE_STANDARD = "gnu++20";
				CLANG_ENABLE_MODULES = YES;
				CLANG_ENABLE_OBJC_ARC = YES;
				CLANG_ENABLE_OBJC_WEAK = YES;
				CLANG_WARN_BLOCK_CAPTURE_AUTORELEASING = YES;
				CLANG_WARN_BOOL_CONVERSION = YES;
				CLANG_WARN_COMMA = YES;
				CLANG_WARN_CONSTANT_CONVERSION = YES;
				CLANG_WARN_DEPRECATED_OBJC_IMPLEMENTATIONS = YES;
				CLANG_WARN_DIRECT_OBJC_ISA_USAGE = YES_ERROR;
				CLANG_WARN_DOCUMENTATION_COMMENTS = YES;
				CLANG_WARN_EMPTY_BODY = YES;
				CLANG_WARN_ENUM_CONVERSION = YES;
				CLANG_WARN_INFINITE_RECURSION = YES;
				CLANG_WARN_INT_CONVERSION = YES;
				CLANG_WARN_NON_LITERAL_NULL_CONVERSION = YES;
				CLANG_WARN_OBJC_IMPLICIT_RETAIN_SELF = YES;
				CLANG_WARN_OBJC_LITERAL_CONVERSION = YES;
				CLANG_WARN_OBJC_ROOT_CLASS = YES_ERROR;
				CLANG_WARN_QUOTED_INCLUDE_IN_FRAMEWORK_HEADER = YES;
				CLANG_WARN_RANGE_LOOP_ANALYSIS = YES;
				CLANG_WARN_STRICT_PROTOTYPES = YES;
				CLANG_WARN_SUSPICIOUS_MOVE = YES;
				CLANG_WARN_UNGUARDED_AVAILABILITY = YES_AGGRESSIVE;
				CLANG_WARN_UNREACHABLE_CODE = YES;
				CLANG_WARN__DUPLICATE_METHOD_MATCH = YES;
				COPY_PHASE_STRIP = NO;
				DEBUG_INFORMATION_FORMAT = "dwarf-with-dsym";
				ENABLE_NS_ASSERTIONS = NO;
				ENABLE_STRICT_OBJC_MSGSEND = YES;
				GCC_C_LANGUAGE_STANDARD = gnu11;
				GCC_NO_COMMON_BLOCKS = YES;
				GCC_WARN_64_TO_32_BIT_CONVERSION = YES;
				GCC_WARN_ABOUT_RETURN_TYPE = YES_ERROR;
				GCC_WARN_UNDECLARED_SELECTOR = YES;
				GCC_WARN_UNINITIALIZED_AUTOS = YES_AGGRESSIVE;
				GCC_WARN_UNUSED_FUNCTION = YES;
				GCC_WARN_UNUSED_VARIABLE = YES;
				IPHONEOS_DEPLOYMENT_TARGET = 16.4;
				MTL_ENABLE_DEBUG_INFO = NO;
				MTL_FAST_MATH = YES;
				SDKROOT = iphoneos;
				SWIFT_COMPILATION_MODE = wholemodule;
				SWIFT_OPTIMIZATION_LEVEL = "-O";
				VALIDATE_PRODUCT = YES;
			};
			name = Release;
		};
		E36941452A4EA7CB002C9FBE /* Debug */ = {
			isa = XCBuildConfiguration;
			buildSettings = {
				ASSETCATALOG_COMPILER_APPICON_NAME = AppIcon;
				ASSETCATALOG_COMPILER_GLOBAL_ACCENT_COLOR_NAME = AccentColor;
				CODE_SIGN_STYLE = Automatic;
				CURRENT_PROJECT_VERSION = 1;
				DEVELOPMENT_ASSET_PATHS = "\"ListProject(6.30)/Preview Content\"";
				DEVELOPMENT_TEAM = LU39LX87ML;
				ENABLE_PREVIEWS = YES;
				GENERATE_INFOPLIST_FILE = YES;
				INFOPLIST_KEY_UIApplicationSceneManifest_Generation = YES;
				INFOPLIST_KEY_UIApplicationSupportsIndirectInputEvents = YES;
				INFOPLIST_KEY_UILaunchScreen_Generation = YES;
				INFOPLIST_KEY_UISupportedInterfaceOrientations_iPad = "UIInterfaceOrientationPortrait UIInterfaceOrientationPortraitUpsideDown UIInterfaceOrientationLandscapeLeft UIInterfaceOrientationLandscapeRight";
				INFOPLIST_KEY_UISupportedInterfaceOrientations_iPhone = "UIInterfaceOrientationPortrait UIInterfaceOrientationLandscapeLeft UIInterfaceOrientationLandscapeRight";
				LD_RUNPATH_SEARCH_PATHS = (
					"$(inherited)",
					"@executable_path/Frameworks",
				);
				MARKETING_VERSION = 1.0;
				PRODUCT_BUNDLE_IDENTIFIER = "com.Chris.ListProject-6-30-";
				PRODUCT_NAME = "$(TARGET_NAME)";
				SWIFT_EMIT_LOC_STRINGS = YES;
				SWIFT_VERSION = 5.0;
				TARGETED_DEVICE_FAMILY = "1,2";
			};
			name = Debug;
		};
		E36941462A4EA7CB002C9FBE /* Release */ = {
			isa = XCBuildConfiguration;
			buildSettings = {
				ASSETCATALOG_COMPILER_APPICON_NAME = AppIcon;
				ASSETCATALOG_COMPILER_GLOBAL_ACCENT_COLOR_NAME = AccentColor;
				CODE_SIGN_STYLE = Automatic;
				CURRENT_PROJECT_VERSION = 1;
				DEVELOPMENT_ASSET_PATHS = "\"ListProject(6.30)/Preview Content\"";
				DEVELOPMENT_TEAM = LU39LX87ML;
				ENABLE_PREVIEWS = YES;
				GENERATE_INFOPLIST_FILE = YES;
				INFOPLIST_KEY_UIApplicationSceneManifest_Generation = YES;
				INFOPLIST_KEY_UIApplicationSupportsIndirectInputEvents = YES;
				INFOPLIST_KEY_UILaunchScreen_Generation = YES;
				INFOPLIST_KEY_UISupportedInterfaceOrientations_iPad = "UIInterfaceOrientationPortrait UIInterfaceOrientationPortraitUpsideDown UIInterfaceOrientationLandscapeLeft UIInterfaceOrientationLandscapeRight";
				INFOPLIST_KEY_UISupportedInterfaceOrientations_iPhone = "UIInterfaceOrientationPortrait UIInterfaceOrientationLandscapeLeft UIInterfaceOrientationLandscapeRight";
				LD_RUNPATH_SEARCH_PATHS = (
					"$(inherited)",
					"@executable_path/Frameworks",
				);
				MARKETING_VERSION = 1.0;
				PRODUCT_BUNDLE_IDENTIFIER = "com.Chris.ListProject-6-30-";
				PRODUCT_NAME = "$(TARGET_NAME)";
				SWIFT_EMIT_LOC_STRINGS = YES;
				SWIFT_VERSION = 5.0;
				TARGETED_DEVICE_FAMILY = "1,2";
			};
			name = Release;
		};
/* End XCBuildConfiguration section */

/* Begin XCConfigurationList section */
		E36941312A4EA7C8002C9FBE /* Build configuration list for PBXProject "ListProject(6.30)" */ = {
			isa = XCConfigurationList;
			buildConfigurations = (
				E36941422A4EA7CB002C9FBE /* Debug */,
				E36941432A4EA7CB002C9FBE /* Release */,
			);
			defaultConfigurationIsVisible = 0;
			defaultConfigurationName = Release;
		};
		E36941442A4EA7CB002C9FBE /* Build configuration list for PBXNativeTarget "ListProject(6.30)" */ = {
			isa = XCConfigurationList;
			buildConfigurations = (
				E36941452A4EA7CB002C9FBE /* Debug */,
				E36941462A4EA7CB002C9FBE /* Release */,
			);
			defaultConfigurationIsVisible = 0;
			defaultConfigurationName = Release;
		};
/* End XCConfigurationList section */
	};
	rootObject = E369412E2A4EA7C8002C9FBE /* Project object */;
}
